
Microsoft Visual Studio Solution File, Format Version 12.00
# Visual Studio 14
VisualStudioVersion = 14.0.23107.0
MinimumVisualStudioVersion = 10.0.40219.1
Project("{FAE04EC0-301F-11D3-BF4B-00C04F79EFBC}") = "PROJ78", "PROJ78\PROJ78.csproj", "{27A3E0A9-1699-4FC4-AC0B-066A8F1E16D8}"
EndProject
Global
	GlobalSection(SolutionConfigurationPlatforms) = preSolution
		Debug|Any CPU = Debug|Any CPU
		Release|Any CPU = Release|Any CPU
	EndGlobalSection
	GlobalSection(ProjectConfigurationPlatforms) = postSolution
		{27A3E0A9-1699-4FC4-AC0B-066A8F1E16D8}.Debug|Any CPU.ActiveCfg = Debug|Any CPU
		{27A3E0A9-1699-4FC4-AC0B-066A8F1E16D8}.Debug|Any CPU.Build.0 = Debug|Any CPU
		{27A3E0A9-1699-4FC4-AC0B-066A8F1E16D8}.Release|Any CPU.ActiveCfg = Release|Any CPU
		{27A3E0A9-1699-4FC4-AC0B-066A8F1E16D8}.Release|Any CPU.Build.0 = Release|Any CPU
	EndGlobalSection
	GlobalSection(SolutionProperties) = preSolution
		HideSolutionNode = FALSE
	EndGlobalSection
EndGlobal
